
Microsoft Visual Studio Solution File, Format Version 11.00
# Visual Studio 2010
Project("{FAE04EC0-301F-11D3-BF4B-00C04F79EFBC}") = "HeavenlyBooks", "Assembly-CSharp.csproj", "{F6B400B5-95AC-D772-3507-E7386BA2B79F}"
EndProject
Project("{FAE04EC0-301F-11D3-BF4B-00C04F79EFBC}") = "HeavenlyBooks", "Assembly-CSharp-Editor.csproj", "{FD2232C8-8DDE-2EBC-F805-8BD0A4BB90D1}"
EndProject
Global
	GlobalSection(SolutionConfigurationPlatforms) = preSolution
		Debug|Any CPU = Debug|Any CPU
		Release|Any CPU = Release|Any CPU
	EndGlobalSection
	GlobalSection(ProjectConfigurationPlatforms) = postSolution
		{F6B400B5-95AC-D772-3507-E7386BA2B79F}.Debug|Any CPU.ActiveCfg = Debug|Any CPU
		{F6B400B5-95AC-D772-3507-E7386BA2B79F}.Debug|Any CPU.Build.0 = Debug|Any CPU
		{F6B400B5-95AC-D772-3507-E7386BA2B79F}.Release|Any CPU.ActiveCfg = Release|Any CPU
		{F6B400B5-95AC-D772-3507-E7386BA2B79F}.Release|Any CPU.Build.0 = Release|Any CPU
		{FD2232C8-8DDE-2EBC-F805-8BD0A4BB90D1}.Debug|Any CPU.ActiveCfg = Debug|Any CPU
		{FD2232C8-8DDE-2EBC-F805-8BD0A4BB90D1}.Debug|Any CPU.Build.0 = Debug|Any CPU
		{FD2232C8-8DDE-2EBC-F805-8BD0A4BB90D1}.Release|Any CPU.ActiveCfg = Release|Any CPU
		{FD2232C8-8DDE-2EBC-F805-8BD0A4BB90D1}.Release|Any CPU.Build.0 = Release|Any CPU
	EndGlobalSection
	GlobalSection(SolutionProperties) = preSolution
		HideSolutionNode = FALSE
	EndGlobalSection
	GlobalSection(MonoDevelopProperties) = preSolution
		StartupItem = Assembly-CSharp.csproj
	EndGlobalSection
EndGlobal
